<?xml version="1.0" encoding="utf-8"?>
<Project ToolsVersion="4.0" xmlns="http://schemas.microsoft.com/developer/msbuild/2003">
  <ItemGroup>
    <FxCompile Include="pixelShader.hlsl" />
    <FxCompile Include="vertexShader.hlsl" />
  </ItemGroup>
  <ItemGroup>
    <ClCompile Include="custom.cpp" />
    <ClCompile Include="custom_background.cpp" />
    <ClCompile Include="custom_UI.cpp" />
    <ClCompile Include="fade.cpp" />
    <ClCompile Include="game.cpp" />
    <ClCompile Include="game_object.cpp" />
    <ClCompile Include="golem_player.cpp" />
    <ClCompile Include="result.cpp" />
    <ClCompile Include="result_background.cpp" />
    <ClCompile Include="sound.cpp" />
    <ClCompile Include="title.cpp" />
    <ClCompile Include="title_background.cpp" />
    <ClCompile Include="UI.cpp" />
    <ClCompile Include="block.cpp">
      <Filter>KY</Filter>
    </ClCompile>
    <ClCompile Include="bullet.cpp">
      <Filter>KY</Filter>
    </ClCompile>
    <ClCompile Include="camera.cpp">
      <Filter>KY</Filter>
    </ClCompile>
    <ClCompile Include="effect.cpp">
      <Filter>KY</Filter>
    </ClCompile>
    <ClCompile Include="enemy.cpp">
      <Filter>KY</Filter>
    </ClCompile>
    <ClCompile Include="explosion.cpp">
      <Filter>KY</Filter>
    </ClCompile>
    <ClCompile Include="field.cpp">
      <Filter>KY</Filter>
    </ClCompile>
    <ClCompile Include="input.cpp">
      <Filter>KY</Filter>
    </ClCompile>
    <ClCompile Include="input2.cpp">
      <Filter>KY</Filter>
    </ClCompile>
    <ClCompile Include="main.cpp">
      <Filter>KY</Filter>
    </ClCompile>
    <ClCompile Include="manager.cpp">
      <Filter>KY</Filter>
    </ClCompile>
    <ClCompile Include="map.cpp">
      <Filter>KY</Filter>
    </ClCompile>
    <ClCompile Include="model.cpp">
      <Filter>KY</Filter>
    </ClCompile>
    <ClCompile Include="player.cpp">
      <Filter>KY</Filter>
    </ClCompile>
    <ClCompile Include="polygon.cpp">
      <Filter>KY</Filter>
    </ClCompile>
    <ClCompile Include="renderer.cpp">
      <Filter>KY</Filter>
    </ClCompile>
    <ClCompile Include="time.cpp">
      <Filter>KY</Filter>
    </ClCompile>
    <ClCompile Include="wall.cpp">
      <Filter>KY</Filter>
    </ClCompile>
    <ClCompile Include="wall2.cpp">
      <Filter>KY</Filter>
    </ClCompile>
  </ItemGroup>
  <ItemGroup>
    <ClInclude Include="custom.h" />
    <ClInclude Include="custom_background.h" />
    <ClInclude Include="custom_UI.h" />
    <ClInclude Include="fade.h" />
    <ClInclude Include="game.h" />
    <ClInclude Include="game_object.h" />
    <ClInclude Include="golem_player.h" />
    <ClInclude Include="result.h" />
    <ClInclude Include="result_background.h" />
    <ClInclude Include="scene.h" />
    <ClInclude Include="sound.h" />
    <ClInclude Include="title.h" />
    <ClInclude Include="title_background.h" />
    <ClInclude Include="UI.h" />
    <ClInclude Include="block.h">
      <Filter>KY</Filter>
    </ClInclude>
    <ClInclude Include="bullet.h">
      <Filter>KY</Filter>
    </ClInclude>
    <ClInclude Include="camera.h">
      <Filter>KY</Filter>
    </ClInclude>
    <ClInclude Include="effect.h">
      <Filter>KY</Filter>
    </ClInclude>
    <ClInclude Include="enemy.h">
      <Filter>KY</Filter>
    </ClInclude>
    <ClInclude Include="explosion.h">
      <Filter>KY</Filter>
    </ClInclude>
    <ClInclude Include="field.h">
      <Filter>KY</Filter>
    </ClInclude>
    <ClInclude Include="input.h">
      <Filter>KY</Filter>
    </ClInclude>
    <ClInclude Include="input2.h">
      <Filter>KY</Filter>
    </ClInclude>
    <ClInclude Include="main.h">
      <Filter>KY</Filter>
    </ClInclude>
    <ClInclude Include="manager.h">
      <Filter>KY</Filter>
    </ClInclude>
    <ClInclude Include="map.h">
      <Filter>KY</Filter>
    </ClInclude>
    <ClInclude Include="model.h">
      <Filter>KY</Filter>
    </ClInclude>
    <ClInclude Include="player.h">
      <Filter>KY</Filter>
    </ClInclude>
    <ClInclude Include="polygon.h">
      <Filter>KY</Filter>
    </ClInclude>
    <ClInclude Include="renderer.h">
      <Filter>KY</Filter>
    </ClInclude>
    <ClInclude Include="time.h">
      <Filter>KY</Filter>
    </ClInclude>
    <ClInclude Include="wall.h">
      <Filter>KY</Filter>
    </ClInclude>
    <ClInclude Include="wall2.h">
      <Filter>KY</Filter>
    </ClInclude>
  </ItemGroup>
  <ItemGroup>
    <Filter Include="KY">
      <UniqueIdentifier>{bc89932b-954c-4629-8544-da8b9fb47f14}</UniqueIdentifier>
    </Filter>
  </ItemGroup>
</Project>